
Microsoft Visual Studio Solution File, Format Version 11.00
# Visual Studio 2010
Project("{FAE04EC0-301F-11D3-BF4B-00C04F79EFBC}") = "HorseFarm.Web", "HorseFarm.Web\HorseFarm.Web.csproj", "{3BFCF4DC-267F-4772-9E3C-67F35D2A09C8}"
EndProject
Project("{FAE04EC0-301F-11D3-BF4B-00C04F79EFBC}") = "HorseFarm.Logging", "HorseFarm.Logging\HorseFarm.Logging.csproj", "{B6610F72-B837-4509-A671-4FC0020E4C3C}"
EndProject
Project("{FAE04EC0-301F-11D3-BF4B-00C04F79EFBC}") = "HorseFarm.Logging.ToStagingDb", "HorseFarm.Logging.ToStagingDb\HorseFarm.Logging.ToStagingDb.csproj", "{AC218688-D24B-4F1F-8523-0385BC883259}"
EndProject
Global
	GlobalSection(SolutionConfigurationPlatforms) = preSolution
		Debug|Any CPU = Debug|Any CPU
		Debug|Mixed Platforms = Debug|Mixed Platforms
		Debug|x86 = Debug|x86
		Development|Any CPU = Development|Any CPU
		Development|Mixed Platforms = Development|Mixed Platforms
		Development|x86 = Development|x86
		Release|Any CPU = Release|Any CPU
		Release|Mixed Platforms = Release|Mixed Platforms
		Release|x86 = Release|x86
	EndGlobalSection
	GlobalSection(ProjectConfigurationPlatforms) = postSolution
		{3BFCF4DC-267F-4772-9E3C-67F35D2A09C8}.Debug|Any CPU.ActiveCfg = Debug|Any CPU
		{3BFCF4DC-267F-4772-9E3C-67F35D2A09C8}.Debug|Any CPU.Build.0 = Debug|Any CPU
		{3BFCF4DC-267F-4772-9E3C-67F35D2A09C8}.Debug|Mixed Platforms.ActiveCfg = Debug|Any CPU
		{3BFCF4DC-267F-4772-9E3C-67F35D2A09C8}.Debug|Mixed Platforms.Build.0 = Debug|Any CPU
		{3BFCF4DC-267F-4772-9E3C-67F35D2A09C8}.Debug|x86.ActiveCfg = Debug|Any CPU
		{3BFCF4DC-267F-4772-9E3C-67F35D2A09C8}.Development|Any CPU.ActiveCfg = Debug|Any CPU
		{3BFCF4DC-267F-4772-9E3C-67F35D2A09C8}.Development|Any CPU.Build.0 = Debug|Any CPU
		{3BFCF4DC-267F-4772-9E3C-67F35D2A09C8}.Development|Mixed Platforms.ActiveCfg = Debug|Any CPU
		{3BFCF4DC-267F-4772-9E3C-67F35D2A09C8}.Development|Mixed Platforms.Build.0 = Debug|Any CPU
		{3BFCF4DC-267F-4772-9E3C-67F35D2A09C8}.Development|x86.ActiveCfg = Debug|Any CPU
		{3BFCF4DC-267F-4772-9E3C-67F35D2A09C8}.Release|Any CPU.ActiveCfg = Release|Any CPU
		{3BFCF4DC-267F-4772-9E3C-67F35D2A09C8}.Release|Any CPU.Build.0 = Release|Any CPU
		{3BFCF4DC-267F-4772-9E3C-67F35D2A09C8}.Release|Mixed Platforms.ActiveCfg = Release|Any CPU
		{3BFCF4DC-267F-4772-9E3C-67F35D2A09C8}.Release|Mixed Platforms.Build.0 = Release|Any CPU
		{3BFCF4DC-267F-4772-9E3C-67F35D2A09C8}.Release|x86.ActiveCfg = Release|Any CPU
		{B6610F72-B837-4509-A671-4FC0020E4C3C}.Debug|Any CPU.ActiveCfg = Debug|Any CPU
		{B6610F72-B837-4509-A671-4FC0020E4C3C}.Debug|Any CPU.Build.0 = Debug|Any CPU
		{B6610F72-B837-4509-A671-4FC0020E4C3C}.Debug|Mixed Platforms.ActiveCfg = Debug|Any CPU
		{B6610F72-B837-4509-A671-4FC0020E4C3C}.Debug|Mixed Platforms.Build.0 = Debug|Any CPU
		{B6610F72-B837-4509-A671-4FC0020E4C3C}.Debug|x86.ActiveCfg = Debug|Any CPU
		{B6610F72-B837-4509-A671-4FC0020E4C3C}.Development|Any CPU.ActiveCfg = Debug|Any CPU
		{B6610F72-B837-4509-A671-4FC0020E4C3C}.Development|Any CPU.Build.0 = Debug|Any CPU
		{B6610F72-B837-4509-A671-4FC0020E4C3C}.Development|Mixed Platforms.ActiveCfg = Debug|Any CPU
		{B6610F72-B837-4509-A671-4FC0020E4C3C}.Development|Mixed Platforms.Build.0 = Debug|Any CPU
		{B6610F72-B837-4509-A671-4FC0020E4C3C}.Development|x86.ActiveCfg = Debug|Any CPU
		{B6610F72-B837-4509-A671-4FC0020E4C3C}.Release|Any CPU.ActiveCfg = Release|Any CPU
		{B6610F72-B837-4509-A671-4FC0020E4C3C}.Release|Any CPU.Build.0 = Release|Any CPU
		{B6610F72-B837-4509-A671-4FC0020E4C3C}.Release|Mixed Platforms.ActiveCfg = Release|Any CPU
		{B6610F72-B837-4509-A671-4FC0020E4C3C}.Release|Mixed Platforms.Build.0 = Release|Any CPU
		{B6610F72-B837-4509-A671-4FC0020E4C3C}.Release|x86.ActiveCfg = Release|Any CPU
		{AC218688-D24B-4F1F-8523-0385BC883259}.Debug|Any CPU.ActiveCfg = Debug|Any CPU
		{AC218688-D24B-4F1F-8523-0385BC883259}.Debug|Any CPU.Build.0 = Debug|Any CPU
		{AC218688-D24B-4F1F-8523-0385BC883259}.Debug|Mixed Platforms.ActiveCfg = Debug|Any CPU
		{AC218688-D24B-4F1F-8523-0385BC883259}.Debug|Mixed Platforms.Build.0 = Debug|Any CPU
		{AC218688-D24B-4F1F-8523-0385BC883259}.Debug|x86.ActiveCfg = Debug|Any CPU
		{AC218688-D24B-4F1F-8523-0385BC883259}.Development|Any CPU.ActiveCfg = Debug|Any CPU
		{AC218688-D24B-4F1F-8523-0385BC883259}.Development|Any CPU.Build.0 = Debug|Any CPU
		{AC218688-D24B-4F1F-8523-0385BC883259}.Development|Mixed Platforms.ActiveCfg = Debug|Any CPU
		{AC218688-D24B-4F1F-8523-0385BC883259}.Development|Mixed Platforms.Build.0 = Debug|Any CPU
		{AC218688-D24B-4F1F-8523-0385BC883259}.Development|x86.ActiveCfg = Debug|Any CPU
		{AC218688-D24B-4F1F-8523-0385BC883259}.Release|Any CPU.ActiveCfg = Release|Any CPU
		{AC218688-D24B-4F1F-8523-0385BC883259}.Release|Any CPU.Build.0 = Release|Any CPU
		{AC218688-D24B-4F1F-8523-0385BC883259}.Release|Mixed Platforms.ActiveCfg = Release|Any CPU
		{AC218688-D24B-4F1F-8523-0385BC883259}.Release|Mixed Platforms.Build.0 = Release|Any CPU
		{AC218688-D24B-4F1F-8523-0385BC883259}.Release|x86.ActiveCfg = Release|Any CPU
	EndGlobalSection
	GlobalSection(SolutionProperties) = preSolution
		HideSolutionNode = FALSE
	EndGlobalSection
	GlobalSection(ExtensibilityGlobals) = postSolution
		EnterpriseLibraryConfigurationToolBinariesPath = packages\TransientFaultHandling.Core.5.1.1209.1\lib\NET4
	EndGlobalSection
EndGlobal
